{
  "name": "mycli-ljy",
  "version": "0.0.1",
  "lockfileVersion": 2,
  "requires": true,
  "packages": {
    "": {
      "name": "mycli-ljy",
      "version": "0.0.1",
      "license": "MIT",
      "bin": {
        "mycli-ljy": "bin/index.js"
      }
    },
    "../mycli-ljy-2": {
      "version": "0.0.1",
      "extraneous": true,
      "license": "MIT"
    }
  }
}
